// !$*UTF8*$!
{
	archiveVersion = 1;
	classes = {
	};
	objectVersion = 56;
	objects = {

/* Begin PBXBuildFile section */
		13341C8E2B17C3F6006F32C7 /* NetworkConstants.swift in Sources */ = {isa = PBXBuildFile; fileRef = 13341C8D2B17C3F6006F32C7 /* NetworkConstants.swift */; };
		1364FFB82B027DEA0077CEEE /* NewsDataProvider.swift in Sources */ = {isa = PBXBuildFile; fileRef = 1364FFB72B027DEA0077CEEE /* NewsDataProvider.swift */; };
		1389AD692AEBF52B00D39973 /* LoadNewsService.swift in Sources */ = {isa = PBXBuildFile; fileRef = 1389AD682AEBF52B00D39973 /* LoadNewsService.swift */; };
		13AE862F2B2103340096C4E7 /* PresentationViewController.swift in Sources */ = {isa = PBXBuildFile; fileRef = 13AE862E2B2103340096C4E7 /* PresentationViewController.swift */; };
		13CC397E2AEA566200DAF637 /* AppDelegate.swift in Sources */ = {isa = PBXBuildFile; fileRef = 13CC397D2AEA566200DAF637 /* AppDelegate.swift */; };
		13CC39822AEA566200DAF637 /* MainViewController.swift in Sources */ = {isa = PBXBuildFile; fileRef = 13CC39812AEA566200DAF637 /* MainViewController.swift */; };
		13CC39872AEA566300DAF637 /* Assets.xcassets in Resources */ = {isa = PBXBuildFile; fileRef = 13CC39862AEA566300DAF637 /* Assets.xcassets */; };
		13CC398A2AEA566300DAF637 /* LaunchScreen.storyboard in Resources */ = {isa = PBXBuildFile; fileRef = 13CC39882AEA566300DAF637 /* LaunchScreen.storyboard */; };
		13CC39962AEA5B5700DAF637 /* NetworkError.swift in Sources */ = {isa = PBXBuildFile; fileRef = 13CC39952AEA5B5700DAF637 /* NetworkError.swift */; };
		13CC39982AEA5BE400DAF637 /* AutodocModel.swift in Sources */ = {isa = PBXBuildFile; fileRef = 13CC39972AEA5BE400DAF637 /* AutodocModel.swift */; };
		13CC399B2AEA5DD500DAF637 /* NewsCell.swift in Sources */ = {isa = PBXBuildFile; fileRef = 13CC399A2AEA5DD500DAF637 /* NewsCell.swift */; };
		13CC399E2AEA5FA800DAF637 /* HavingReuseIdentifier.swift in Sources */ = {isa = PBXBuildFile; fileRef = 13CC399D2AEA5FA800DAF637 /* HavingReuseIdentifier.swift */; };
		13CC39A02AEA61B900DAF637 /* UIColor + Extension.swift in Sources */ = {isa = PBXBuildFile; fileRef = 13CC399F2AEA61B900DAF637 /* UIColor + Extension.swift */; };
		13EF14C12AF030D30046F3F7 /* ImageService.swift in Sources */ = {isa = PBXBuildFile; fileRef = 13EF14C02AF030D30046F3F7 /* ImageService.swift */; };
/* End PBXBuildFile section */

/* Begin PBXFileReference section */
		13341C8D2B17C3F6006F32C7 /* NetworkConstants.swift */ = {isa = PBXFileReference; lastKnownFileType = sourcecode.swift; path = NetworkConstants.swift; sourceTree = "<group>"; };
		1364FFB72B027DEA0077CEEE /* NewsDataProvider.swift */ = {isa = PBXFileReference; lastKnownFileType = sourcecode.swift; path = NewsDataProvider.swift; sourceTree = "<group>"; };
		1389AD682AEBF52B00D39973 /* LoadNewsService.swift */ = {isa = PBXFileReference; lastKnownFileType = sourcecode.swift; path = LoadNewsService.swift; sourceTree = "<group>"; };
		13AE862E2B2103340096C4E7 /* PresentationViewController.swift */ = {isa = PBXFileReference; lastKnownFileType = sourcecode.swift; path = PresentationViewController.swift; sourceTree = "<group>"; };
		13CC397A2AEA566200DAF637 /* Autodoc.app */ = {isa = PBXFileReference; explicitFileType = wrapper.application; includeInIndex = 0; path = Autodoc.app; sourceTree = BUILT_PRODUCTS_DIR; };
		13CC397D2AEA566200DAF637 /* AppDelegate.swift */ = {isa = PBXFileReference; lastKnownFileType = sourcecode.swift; path = AppDelegate.swift; sourceTree = "<group>"; };
		13CC39812AEA566200DAF637 /* MainViewController.swift */ = {isa = PBXFileReference; lastKnownFileType = sourcecode.swift; path = MainViewController.swift; sourceTree = "<group>"; };
		13CC39862AEA566300DAF637 /* Assets.xcassets */ = {isa = PBXFileReference; lastKnownFileType = folder.assetcatalog; path = Assets.xcassets; sourceTree = "<group>"; };
		13CC39892AEA566300DAF637 /* Base */ = {isa = PBXFileReference; lastKnownFileType = file.storyboard; name = Base; path = Base.lproj/LaunchScreen.storyboard; sourceTree = "<group>"; };
		13CC398B2AEA566300DAF637 /* Info.plist */ = {isa = PBXFileReference; lastKnownFileType = text.plist.xml; path = Info.plist; sourceTree = "<group>"; };
		13CC39952AEA5B5700DAF637 /* NetworkError.swift */ = {isa = PBXFileReference; lastKnownFileType = sourcecode.swift; name = NetworkError.swift; path = Autodoc/NetworkLayer/NetworkError.swift; sourceTree = SOURCE_ROOT; };
		13CC39972AEA5BE400DAF637 /* AutodocModel.swift */ = {isa = PBXFileReference; lastKnownFileType = sourcecode.swift; path = AutodocModel.swift; sourceTree = "<group>"; };
		13CC399A2AEA5DD500DAF637 /* NewsCell.swift */ = {isa = PBXFileReference; lastKnownFileType = sourcecode.swift; path = NewsCell.swift; sourceTree = "<group>"; };
		13CC399D2AEA5FA800DAF637 /* HavingReuseIdentifier.swift */ = {isa = PBXFileReference; lastKnownFileType = sourcecode.swift; path = HavingReuseIdentifier.swift; sourceTree = "<group>"; };
		13CC399F2AEA61B900DAF637 /* UIColor + Extension.swift */ = {isa = PBXFileReference; lastKnownFileType = sourcecode.swift; path = "UIColor + Extension.swift"; sourceTree = "<group>"; };
		13EF14C02AF030D30046F3F7 /* ImageService.swift */ = {isa = PBXFileReference; lastKnownFileType = sourcecode.swift; path = ImageService.swift; sourceTree = "<group>"; };
/* End PBXFileReference section */

/* Begin PBXFrameworksBuildPhase section */
		13CC39772AEA566200DAF637 /* Frameworks */ = {
			isa = PBXFrameworksBuildPhase;
			buildActionMask = 2147483647;
			files = (
			);
			runOnlyForDeploymentPostprocessing = 0;
		};
/* End PBXFrameworksBuildPhase section */

/* Begin PBXGroup section */
		13341C8C2B17B693006F32C7 /* UI */ = {
			isa = PBXGroup;
			children = (
				13CC39A12AEA63D700DAF637 /* ViewControllers */,
				13CC39992AEA5D9C00DAF637 /* Cell */,
			);
			name = UI;
			sourceTree = "<group>";
		};
		13CC39712AEA566200DAF637 = {
			isa = PBXGroup;
			children = (
				13CC397C2AEA566200DAF637 /* Autodoc */,
				13CC397B2AEA566200DAF637 /* Products */,
			);
			sourceTree = "<group>";
		};
		13CC397B2AEA566200DAF637 /* Products */ = {
			isa = PBXGroup;
			children = (
				13CC397A2AEA566200DAF637 /* Autodoc.app */,
			);
			name = Products;
			sourceTree = "<group>";
		};
		13CC397C2AEA566200DAF637 /* Autodoc */ = {
			isa = PBXGroup;
			children = (
				13CC397D2AEA566200DAF637 /* AppDelegate.swift */,
				13341C8C2B17B693006F32C7 /* UI */,
				13CC39932AEA5B2A00DAF637 /* NetworkLayer */,
				13CC399C2AEA5F7300DAF637 /* Extesion */,
				13CC39912AEA59F000DAF637 /* Resources */,
			);
			path = Autodoc;
			sourceTree = "<group>";
		};
		13CC39912AEA59F000DAF637 /* Resources */ = {
			isa = PBXGroup;
			children = (
				13CC398B2AEA566300DAF637 /* Info.plist */,
				13CC39862AEA566300DAF637 /* Assets.xcassets */,
				13CC39882AEA566300DAF637 /* LaunchScreen.storyboard */,
			);
			path = Resources;
			sourceTree = "<group>";
		};
		13CC39932AEA5B2A00DAF637 /* NetworkLayer */ = {
			isa = PBXGroup;
			children = (
				13D0149D2B3CAE1C00E5F063 /* Providers */,
				13D0149C2B3CAE0200E5F063 /* Services */,
				13D0149B2B3CADEC00E5F063 /* Errors */,
				13CC39942AEA5B3200DAF637 /* Entity */,
				13341C8D2B17C3F6006F32C7 /* NetworkConstants.swift */,
			);
			path = NetworkLayer;
			sourceTree = "<group>";
		};
		13CC39942AEA5B3200DAF637 /* Entity */ = {
			isa = PBXGroup;
			children = (
				13CC39972AEA5BE400DAF637 /* AutodocModel.swift */,
			);
			path = Entity;
			sourceTree = "<group>";
		};
		13CC39992AEA5D9C00DAF637 /* Cell */ = {
			isa = PBXGroup;
			children = (
				13CC399A2AEA5DD500DAF637 /* NewsCell.swift */,
			);
			path = Cell;
			sourceTree = "<group>";
		};
		13CC399C2AEA5F7300DAF637 /* Extesion */ = {
			isa = PBXGroup;
			children = (
				13CC399D2AEA5FA800DAF637 /* HavingReuseIdentifier.swift */,
				13CC399F2AEA61B900DAF637 /* UIColor + Extension.swift */,
			);
			path = Extesion;
			sourceTree = "<group>";
		};
		13CC39A12AEA63D700DAF637 /* ViewControllers */ = {
			isa = PBXGroup;
			children = (
				13CC39812AEA566200DAF637 /* MainViewController.swift */,
				13AE862E2B2103340096C4E7 /* PresentationViewController.swift */,
			);
			path = ViewControllers;
			sourceTree = "<group>";
		};
		13D0149B2B3CADEC00E5F063 /* Errors */ = {
			isa = PBXGroup;
			children = (
				13CC39952AEA5B5700DAF637 /* NetworkError.swift */,
			);
			name = Errors;
			sourceTree = "<group>";
		};
		13D0149C2B3CAE0200E5F063 /* Services */ = {
			isa = PBXGroup;
			children = (
				1389AD682AEBF52B00D39973 /* LoadNewsService.swift */,
				13EF14C02AF030D30046F3F7 /* ImageService.swift */,
			);
			name = Services;
			sourceTree = "<group>";
		};
		13D0149D2B3CAE1C00E5F063 /* Providers */ = {
			isa = PBXGroup;
			children = (
				1364FFB72B027DEA0077CEEE /* NewsDataProvider.swift */,
			);
			path = Providers;
			sourceTree = "<group>";
		};
/* End PBXGroup section */

/* Begin PBXNativeTarget section */
		13CC39792AEA566200DAF637 /* Autodoc */ = {
			isa = PBXNativeTarget;
			buildConfigurationList = 13CC398E2AEA566300DAF637 /* Build configuration list for PBXNativeTarget "Autodoc" */;
			buildPhases = (
				13CC39762AEA566200DAF637 /* Sources */,
				13CC39772AEA566200DAF637 /* Frameworks */,
				13CC39782AEA566200DAF637 /* Resources */,
			);
			buildRules = (
			);
			dependencies = (
			);
			name = Autodoc;
			productName = Autodoc;
			productReference = 13CC397A2AEA566200DAF637 /* Autodoc.app */;
			productType = "com.apple.product-type.application";
		};
/* End PBXNativeTarget section */

/* Begin PBXProject section */
		13CC39722AEA566200DAF637 /* Project object */ = {
			isa = PBXProject;
			attributes = {
				BuildIndependentTargetsInParallel = 1;
				LastSwiftUpdateCheck = 1500;
				LastUpgradeCheck = 1500;
				TargetAttributes = {
					13CC39792AEA566200DAF637 = {
						CreatedOnToolsVersion = 15.0.1;
					};
				};
			};
			buildConfigurationList = 13CC39752AEA566200DAF637 /* Build configuration list for PBXProject "Autodoc" */;
			compatibilityVersion = "Xcode 14.0";
			developmentRegion = en;
			hasScannedForEncodings = 0;
			knownRegions = (
				en,
				Base,
			);
			mainGroup = 13CC39712AEA566200DAF637;
			productRefGroup = 13CC397B2AEA566200DAF637 /* Products */;
			projectDirPath = "";
			projectRoot = "";
			targets = (
				13CC39792AEA566200DAF637 /* Autodoc */,
			);
		};
/* End PBXProject section */

/* Begin PBXResourcesBuildPhase section */
		13CC39782AEA566200DAF637 /* Resources */ = {
			isa = PBXResourcesBuildPhase;
			buildActionMask = 2147483647;
			files = (
				13CC398A2AEA566300DAF637 /* LaunchScreen.storyboard in Resources */,
				13CC39872AEA566300DAF637 /* Assets.xcassets in Resources */,
			);
			runOnlyForDeploymentPostprocessing = 0;
		};
/* End PBXResourcesBuildPhase section */

/* Begin PBXSourcesBuildPhase section */
		13CC39762AEA566200DAF637 /* Sources */ = {
			isa = PBXSourcesBuildPhase;
			buildActionMask = 2147483647;
			files = (
				13341C8E2B17C3F6006F32C7 /* NetworkConstants.swift in Sources */,
				13CC39822AEA566200DAF637 /* MainViewController.swift in Sources */,
				1364FFB82B027DEA0077CEEE /* NewsDataProvider.swift in Sources */,
				13CC39982AEA5BE400DAF637 /* AutodocModel.swift in Sources */,
				13CC399E2AEA5FA800DAF637 /* HavingReuseIdentifier.swift in Sources */,
				13AE862F2B2103340096C4E7 /* PresentationViewController.swift in Sources */,
				13EF14C12AF030D30046F3F7 /* ImageService.swift in Sources */,
				13CC399B2AEA5DD500DAF637 /* NewsCell.swift in Sources */,
				13CC39962AEA5B5700DAF637 /* NetworkError.swift in Sources */,
				13CC39A02AEA61B900DAF637 /* UIColor + Extension.swift in Sources */,
				1389AD692AEBF52B00D39973 /* LoadNewsService.swift in Sources */,
				13CC397E2AEA566200DAF637 /* AppDelegate.swift in Sources */,
			);
			runOnlyForDeploymentPostprocessing = 0;
		};
/* End PBXSourcesBuildPhase section */

/* Begin PBXVariantGroup section */
		13CC39882AEA566300DAF637 /* LaunchScreen.storyboard */ = {
			isa = PBXVariantGroup;
			children = (
				13CC39892AEA566300DAF637 /* Base */,
			);
			name = LaunchScreen.storyboard;
			sourceTree = "<group>";
		};
/* End PBXVariantGroup section */

/* Begin XCBuildConfiguration section */
		13CC398C2AEA566300DAF637 /* Debug */ = {
			isa = XCBuildConfiguration;
			buildSettings = {
				ALWAYS_SEARCH_USER_PATHS = NO;
				ASSETCATALOG_COMPILER_GENERATE_SWIFT_ASSET_SYMBOL_EXTENSIONS = YES;
				CLANG_ANALYZER_NONNULL = YES;
				CLANG_ANALYZER_NUMBER_OBJECT_CONVERSION = YES_AGGRESSIVE;
				CLANG_CXX_LANGUAGE_STANDARD = "gnu++20";
				CLANG_ENABLE_MODULES = YES;
				CLANG_ENABLE_OBJC_ARC = YES;
				CLANG_ENABLE_OBJC_WEAK = YES;
				CLANG_WARN_BLOCK_CAPTURE_AUTORELEASING = YES;
				CLANG_WARN_BOOL_CONVERSION = YES;
				CLANG_WARN_COMMA = YES;
				CLANG_WARN_CONSTANT_CONVERSION = YES;
				CLANG_WARN_DEPRECATED_OBJC_IMPLEMENTATIONS = YES;
				CLANG_WARN_DIRECT_OBJC_ISA_USAGE = YES_ERROR;
				CLANG_WARN_DOCUMENTATION_COMMENTS = YES;
				CLANG_WARN_EMPTY_BODY = YES;
				CLANG_WARN_ENUM_CONVERSION = YES;
				CLANG_WARN_INFINITE_RECURSION = YES;
				CLANG_WARN_INT_CONVERSION = YES;
				CLANG_WARN_NON_LITERAL_NULL_CONVERSION = YES;
				CLANG_WARN_OBJC_IMPLICIT_RETAIN_SELF = YES;
				CLANG_WARN_OBJC_LITERAL_CONVERSION = YES;
				CLANG_WARN_OBJC_ROOT_CLASS = YES_ERROR;
				CLANG_WARN_QUOTED_INCLUDE_IN_FRAMEWORK_HEADER = YES;
				CLANG_WARN_RANGE_LOOP_ANALYSIS = YES;
				CLANG_WARN_STRICT_PROTOTYPES = YES;
				CLANG_WARN_SUSPICIOUS_MOVE = YES;
				CLANG_WARN_UNGUARDED_AVAILABILITY = YES_AGGRESSIVE;
				CLANG_WARN_UNREACHABLE_CODE = YES;
				CLANG_WARN__DUPLICATE_METHOD_MATCH = YES;
				COPY_PHASE_STRIP = NO;
				DEBUG_INFORMATION_FORMAT = dwarf;
				ENABLE_STRICT_OBJC_MSGSEND = YES;
				ENABLE_TESTABILITY = YES;
				ENABLE_USER_SCRIPT_SANDBOXING = YES;
				GCC_C_LANGUAGE_STANDARD = gnu17;
				GCC_DYNAMIC_NO_PIC = NO;
				GCC_NO_COMMON_BLOCKS = YES;
				GCC_OPTIMIZATION_LEVEL = 0;
				GCC_PREPROCESSOR_DEFINITIONS = (
					"DEBUG=1",
					"$(inherited)",
				);
				GCC_WARN_64_TO_32_BIT_CONVERSION = YES;
				GCC_WARN_ABOUT_RETURN_TYPE = YES_ERROR;
				GCC_WARN_UNDECLARED_SELECTOR = YES;
				GCC_WARN_UNINITIALIZED_AUTOS = YES_AGGRESSIVE;
				GCC_WARN_UNUSED_FUNCTION = YES;
				GCC_WARN_UNUSED_VARIABLE = YES;
				IPHONEOS_DEPLOYMENT_TARGET = 17.0;
				LOCALIZATION_PREFERS_STRING_CATALOGS = YES;
				MTL_ENABLE_DEBUG_INFO = INCLUDE_SOURCE;
				MTL_FAST_MATH = YES;
				ONLY_ACTIVE_ARCH = YES;
				SDKROOT = iphoneos;
				SWIFT_ACTIVE_COMPILATION_CONDITIONS = "DEBUG $(inherited)";
				SWIFT_OPTIMIZATION_LEVEL = "-Onone";
			};
			name = Debug;
		};
		13CC398D2AEA566300DAF637 /* Release */ = {
			isa = XCBuildConfiguration;
			buildSettings = {
				ALWAYS_SEARCH_USER_PATHS = NO;
				ASSETCATALOG_COMPILER_GENERATE_SWIFT_ASSET_SYMBOL_EXTENSIONS = YES;
				CLANG_ANALYZER_NONNULL = YES;
				CLANG_ANALYZER_NUMBER_OBJECT_CONVERSION = YES_AGGRESSIVE;
				CLANG_CXX_LANGUAGE_STANDARD = "gnu++20";
				CLANG_ENABLE_MODULES = YES;
				CLANG_ENABLE_OBJC_ARC = YES;
				CLANG_ENABLE_OBJC_WEAK = YES;
				CLANG_WARN_BLOCK_CAPTURE_AUTORELEASING = YES;
				CLANG_WARN_BOOL_CONVERSION = YES;
				CLANG_WARN_COMMA = YES;
				CLANG_WARN_CONSTANT_CONVERSION = YES;
				CLANG_WARN_DEPRECATED_OBJC_IMPLEMENTATIONS = YES;
				CLANG_WARN_DIRECT_OBJC_ISA_USAGE = YES_ERROR;
				CLANG_WARN_DOCUMENTATION_COMMENTS = YES;
				CLANG_WARN_EMPTY_BODY = YES;
				CLANG_WARN_ENUM_CONVERSION = YES;
				CLANG_WARN_INFINITE_RECURSION = YES;
				CLANG_WARN_INT_CONVERSION = YES;
				CLANG_WARN_NON_LITERAL_NULL_CONVERSION = YES;
				CLANG_WARN_OBJC_IMPLICIT_RETAIN_SELF = YES;
				CLANG_WARN_OBJC_LITERAL_CONVERSION = YES;
				CLANG_WARN_OBJC_ROOT_CLASS = YES_ERROR;
				CLANG_WARN_QUOTED_INCLUDE_IN_FRAMEWORK_HEADER = YES;
				CLANG_WARN_RANGE_LOOP_ANALYSIS = YES;
				CLANG_WARN_STRICT_PROTOTYPES = YES;
				CLANG_WARN_SUSPICIOUS_MOVE = YES;
				CLANG_WARN_UNGUARDED_AVAILABILITY = YES_AGGRESSIVE;
				CLANG_WARN_UNREACHABLE_CODE = YES;
				CLANG_WARN__DUPLICATE_METHOD_MATCH = YES;
				COPY_PHASE_STRIP = NO;
				DEBUG_INFORMATION_FORMAT = "dwarf-with-dsym";
				ENABLE_NS_ASSERTIONS = NO;
				ENABLE_STRICT_OBJC_MSGSEND = YES;
				ENABLE_USER_SCRIPT_SANDBOXING = YES;
				GCC_C_LANGUAGE_STANDARD = gnu17;
				GCC_NO_COMMON_BLOCKS = YES;
				GCC_WARN_64_TO_32_BIT_CONVERSION = YES;
				GCC_WARN_ABOUT_RETURN_TYPE = YES_ERROR;
				GCC_WARN_UNDECLARED_SELECTOR = YES;
				GCC_WARN_UNINITIALIZED_AUTOS = YES_AGGRESSIVE;
				GCC_WARN_UNUSED_FUNCTION = YES;
				GCC_WARN_UNUSED_VARIABLE = YES;
				IPHONEOS_DEPLOYMENT_TARGET = 17.0;
				LOCALIZATION_PREFERS_STRING_CATALOGS = YES;
				MTL_ENABLE_DEBUG_INFO = NO;
				MTL_FAST_MATH = YES;
				SDKROOT = iphoneos;
				SWIFT_COMPILATION_MODE = wholemodule;
				VALIDATE_PRODUCT = YES;
			};
			name = Release;
		};
		13CC398F2AEA566300DAF637 /* Debug */ = {
			isa = XCBuildConfiguration;
			buildSettings = {
				ASSETCATALOG_COMPILER_APPICON_NAME = AppIcon;
				ASSETCATALOG_COMPILER_GLOBAL_ACCENT_COLOR_NAME = AccentColor;
				CODE_SIGN_IDENTITY = "Apple Development";
				CODE_SIGN_STYLE = Automatic;
				CURRENT_PROJECT_VERSION = 1;
				DEVELOPMENT_TEAM = 8NQ35J2AX4;
				GENERATE_INFOPLIST_FILE = YES;
				INFOPLIST_FILE = Autodoc/Resources/Info.plist;
				INFOPLIST_KEY_UIApplicationSupportsIndirectInputEvents = YES;
				INFOPLIST_KEY_UILaunchStoryboardName = LaunchScreen;
				INFOPLIST_KEY_UISupportedInterfaceOrientations = UIInterfaceOrientationPortrait;
				INFOPLIST_KEY_UISupportedInterfaceOrientations_iPad = "UIInterfaceOrientationLandscapeLeft UIInterfaceOrientationLandscapeRight UIInterfaceOrientationPortrait";
				LD_RUNPATH_SEARCH_PATHS = (
					"$(inherited)",
					"@executable_path/Frameworks",
				);
				MARKETING_VERSION = 1.0;
				PRODUCT_BUNDLE_IDENTIFIER = Novel.Autodoc;
				PRODUCT_NAME = "$(TARGET_NAME)";
				PROVISIONING_PROFILE_SPECIFIER = "";
				SUPPORTED_PLATFORMS = "iphoneos iphonesimulator";
				SUPPORTS_MACCATALYST = NO;
				SUPPORTS_MAC_DESIGNED_FOR_IPHONE_IPAD = NO;
				SWIFT_EMIT_LOC_STRINGS = YES;
				SWIFT_VERSION = 5.0;
				TARGETED_DEVICE_FAMILY = "1,2";
			};
			name = Debug;
		};
		13CC39902AEA566300DAF637 /* Release */ = {
			isa = XCBuildConfiguration;
			buildSettings = {
				ASSETCATALOG_COMPILER_APPICON_NAME = AppIcon;
				ASSETCATALOG_COMPILER_GLOBAL_ACCENT_COLOR_NAME = AccentColor;
				CODE_SIGN_IDENTITY = "Apple Development";
				CODE_SIGN_STYLE = Automatic;
				CURRENT_PROJECT_VERSION = 1;
				DEVELOPMENT_TEAM = 8NQ35J2AX4;
				GENERATE_INFOPLIST_FILE = YES;
				INFOPLIST_FILE = Autodoc/Resources/Info.plist;
				INFOPLIST_KEY_UIApplicationSupportsIndirectInputEvents = YES;
				INFOPLIST_KEY_UILaunchStoryboardName = LaunchScreen;
				INFOPLIST_KEY_UISupportedInterfaceOrientations = UIInterfaceOrientationPortrait;
				INFOPLIST_KEY_UISupportedInterfaceOrientations_iPad = "UIInterfaceOrientationLandscapeLeft UIInterfaceOrientationLandscapeRight UIInterfaceOrientationPortrait";
				LD_RUNPATH_SEARCH_PATHS = (
					"$(inherited)",
					"@executable_path/Frameworks",
				);
				MARKETING_VERSION = 1.0;
				PRODUCT_BUNDLE_IDENTIFIER = Novel.Autodoc;
				PRODUCT_NAME = "$(TARGET_NAME)";
				PROVISIONING_PROFILE_SPECIFIER = "";
				SUPPORTED_PLATFORMS = "iphoneos iphonesimulator";
				SUPPORTS_MACCATALYST = NO;
				SUPPORTS_MAC_DESIGNED_FOR_IPHONE_IPAD = NO;
				SWIFT_EMIT_LOC_STRINGS = YES;
				SWIFT_VERSION = 5.0;
				TARGETED_DEVICE_FAMILY = "1,2";
			};
			name = Release;
		};
/* End XCBuildConfiguration section */

/* Begin XCConfigurationList section */
		13CC39752AEA566200DAF637 /* Build configuration list for PBXProject "Autodoc" */ = {
			isa = XCConfigurationList;
			buildConfigurations = (
				13CC398C2AEA566300DAF637 /* Debug */,
				13CC398D2AEA566300DAF637 /* Release */,
			);
			defaultConfigurationIsVisible = 0;
			defaultConfigurationName = Release;
		};
		13CC398E2AEA566300DAF637 /* Build configuration list for PBXNativeTarget "Autodoc" */ = {
			isa = XCConfigurationList;
			buildConfigurations = (
				13CC398F2AEA566300DAF637 /* Debug */,
				13CC39902AEA566300DAF637 /* Release */,
			);
			defaultConfigurationIsVisible = 0;
			defaultConfigurationName = Release;
		};
/* End XCConfigurationList section */
	};
	rootObject = 13CC39722AEA566200DAF637 /* Project object */;
}
